// !$*UTF8*$!
{
	archiveVersion = 1;
	classes = {
	};
	objectVersion = 50;
	objects = {

/* Begin PBXBuildFile section */
		4CF55FDF25B44E4E0038A4CC /* AppDelegate.swift in Sources */ = {isa = PBXBuildFile; fileRef = 4CF55FDE25B44E4E0038A4CC /* AppDelegate.swift */; };
		4CF55FE125B44E4E0038A4CC /* SceneDelegate.swift in Sources */ = {isa = PBXBuildFile; fileRef = 4CF55FE025B44E4E0038A4CC /* SceneDelegate.swift */; };
		4CF55FE325B44E4E0038A4CC /* Home.swift in Sources */ = {isa = PBXBuildFile; fileRef = 4CF55FE225B44E4E0038A4CC /* Home.swift */; };
		4CF55FE525B44E510038A4CC /* Assets.xcassets in Resources */ = {isa = PBXBuildFile; fileRef = 4CF55FE425B44E510038A4CC /* Assets.xcassets */; };
		4CF55FE825B44E510038A4CC /* Preview Assets.xcassets in Resources */ = {isa = PBXBuildFile; fileRef = 4CF55FE725B44E510038A4CC /* Preview Assets.xcassets */; };
		4CF55FEB25B44E510038A4CC /* LaunchScreen.storyboard in Resources */ = {isa = PBXBuildFile; fileRef = 4CF55FE925B44E510038A4CC /* LaunchScreen.storyboard */; };
		4CF55FF425B44E710038A4CC /* core.swift in Sources */ = {isa = PBXBuildFile; fileRef = 4CF55FF325B44E710038A4CC /* core.swift */; };
		4CF55FF925B44EF10038A4CC /* structures.swift in Sources */ = {isa = PBXBuildFile; fileRef = 4CF55FF825B44EF10038A4CC /* structures.swift */; };
		4CF55FFF25B44F640038A4CC /* camera.swift in Sources */ = {isa = PBXBuildFile; fileRef = 4CF55FFE25B44F640038A4CC /* camera.swift */; };
		4CF5600525B44FE70038A4CC /* Start.swift in Sources */ = {isa = PBXBuildFile; fileRef = 4CF5600425B44FE70038A4CC /* Start.swift */; };
		4CF5600825B450AB0038A4CC /* images.swift in Sources */ = {isa = PBXBuildFile; fileRef = 4CF5600725B450AB0038A4CC /* images.swift */; };
		4CF5600C25B4511B0038A4CC /* buttons.swift in Sources */ = {isa = PBXBuildFile; fileRef = 4CF5600B25B4511B0038A4CC /* buttons.swift */; };
		4CF5600F25B451440038A4CC /* colors.swift in Sources */ = {isa = PBXBuildFile; fileRef = 4CF5600E25B451440038A4CC /* colors.swift */; };
		4CF5601225B451750038A4CC /* shapes.swift in Sources */ = {isa = PBXBuildFile; fileRef = 4CF5601125B451750038A4CC /* shapes.swift */; };
/* End PBXBuildFile section */

/* Begin PBXFileReference section */
		4CF55FDB25B44E4E0038A4CC /* ImagesPicker.app */ = {isa = PBXFileReference; explicitFileType = wrapper.application; includeInIndex = 0; path = ImagesPicker.app; sourceTree = BUILT_PRODUCTS_DIR; };
		4CF55FDE25B44E4E0038A4CC /* AppDelegate.swift */ = {isa = PBXFileReference; lastKnownFileType = sourcecode.swift; path = AppDelegate.swift; sourceTree = "<group>"; };
		4CF55FE025B44E4E0038A4CC /* SceneDelegate.swift */ = {isa = PBXFileReference; lastKnownFileType = sourcecode.swift; path = SceneDelegate.swift; sourceTree = "<group>"; };
		4CF55FE225B44E4E0038A4CC /* Home.swift */ = {isa = PBXFileReference; lastKnownFileType = sourcecode.swift; path = Home.swift; sourceTree = "<group>"; };
		4CF55FE425B44E510038A4CC /* Assets.xcassets */ = {isa = PBXFileReference; lastKnownFileType = folder.assetcatalog; path = Assets.xcassets; sourceTree = "<group>"; };
		4CF55FE725B44E510038A4CC /* Preview Assets.xcassets */ = {isa = PBXFileReference; lastKnownFileType = folder.assetcatalog; path = "Preview Assets.xcassets"; sourceTree = "<group>"; };
		4CF55FEA25B44E510038A4CC /* Base */ = {isa = PBXFileReference; lastKnownFileType = file.storyboard; name = Base; path = Base.lproj/LaunchScreen.storyboard; sourceTree = "<group>"; };
		4CF55FEC25B44E510038A4CC /* Info.plist */ = {isa = PBXFileReference; lastKnownFileType = text.plist.xml; path = Info.plist; sourceTree = "<group>"; };
		4CF55FF325B44E710038A4CC /* core.swift */ = {isa = PBXFileReference; lastKnownFileType = sourcecode.swift; path = core.swift; sourceTree = "<group>"; };
		4CF55FF825B44EF10038A4CC /* structures.swift */ = {isa = PBXFileReference; lastKnownFileType = sourcecode.swift; path = structures.swift; sourceTree = "<group>"; };
		4CF55FFE25B44F640038A4CC /* camera.swift */ = {isa = PBXFileReference; lastKnownFileType = sourcecode.swift; path = camera.swift; sourceTree = "<group>"; };
		4CF5600425B44FE70038A4CC /* Start.swift */ = {isa = PBXFileReference; lastKnownFileType = sourcecode.swift; path = Start.swift; sourceTree = "<group>"; };
		4CF5600725B450AB0038A4CC /* images.swift */ = {isa = PBXFileReference; lastKnownFileType = sourcecode.swift; path = images.swift; sourceTree = "<group>"; };
		4CF5600B25B4511B0038A4CC /* buttons.swift */ = {isa = PBXFileReference; lastKnownFileType = sourcecode.swift; path = buttons.swift; sourceTree = "<group>"; };
		4CF5600E25B451440038A4CC /* colors.swift */ = {isa = PBXFileReference; lastKnownFileType = sourcecode.swift; path = colors.swift; sourceTree = "<group>"; };
		4CF5601125B451750038A4CC /* shapes.swift */ = {isa = PBXFileReference; lastKnownFileType = sourcecode.swift; path = shapes.swift; sourceTree = "<group>"; };
/* End PBXFileReference section */

/* Begin PBXFrameworksBuildPhase section */
		4CF55FD825B44E4E0038A4CC /* Frameworks */ = {
			isa = PBXFrameworksBuildPhase;
			buildActionMask = 2147483647;
			files = (
			);
			runOnlyForDeploymentPostprocessing = 0;
		};
/* End PBXFrameworksBuildPhase section */

/* Begin PBXGroup section */
		4CF55FD225B44E4E0038A4CC = {
			isa = PBXGroup;
			children = (
				4CF55FDD25B44E4E0038A4CC /* ImagesPicker */,
				4CF55FDC25B44E4E0038A4CC /* Products */,
			);
			sourceTree = "<group>";
		};
		4CF55FDC25B44E4E0038A4CC /* Products */ = {
			isa = PBXGroup;
			children = (
				4CF55FDB25B44E4E0038A4CC /* ImagesPicker.app */,
			);
			name = Products;
			sourceTree = "<group>";
		};
		4CF55FDD25B44E4E0038A4CC /* ImagesPicker */ = {
			isa = PBXGroup;
			children = (
				4CF55FF725B44EE00038A4CC /* extensions */,
				4CF55FF625B44E890038A4CC /* modal view */,
				4CF5600225B44FC80038A4CC /* asa */,
				4CF55FE225B44E4E0038A4CC /* Home.swift */,
				4CF5600425B44FE70038A4CC /* Start.swift */,
				4CF55FE425B44E510038A4CC /* Assets.xcassets */,
				4CF55FE925B44E510038A4CC /* LaunchScreen.storyboard */,
				4CF55FEC25B44E510038A4CC /* Info.plist */,
				4CF55FE625B44E510038A4CC /* Preview Content */,
			);
			path = ImagesPicker;
			sourceTree = "<group>";
		};
		4CF55FE625B44E510038A4CC /* Preview Content */ = {
			isa = PBXGroup;
			children = (
				4CF55FE725B44E510038A4CC /* Preview Assets.xcassets */,
			);
			path = "Preview Content";
			sourceTree = "<group>";
		};
		4CF55FF625B44E890038A4CC /* modal view */ = {
			isa = PBXGroup;
			children = (
				4CF55FF325B44E710038A4CC /* core.swift */,
				4CF5600725B450AB0038A4CC /* images.swift */,
			);
			path = "modal view";
			sourceTree = "<group>";
		};
		4CF55FF725B44EE00038A4CC /* extensions */ = {
			isa = PBXGroup;
			children = (
				4CF55FFD25B44F5A0038A4CC /* ui */,
				4CF55FF825B44EF10038A4CC /* structures.swift */,
				4CF5600B25B4511B0038A4CC /* buttons.swift */,
				4CF5600E25B451440038A4CC /* colors.swift */,
				4CF5601125B451750038A4CC /* shapes.swift */,
			);
			path = extensions;
			sourceTree = "<group>";
		};
		4CF55FFD25B44F5A0038A4CC /* ui */ = {
			isa = PBXGroup;
			children = (
				4CF55FFE25B44F640038A4CC /* camera.swift */,
			);
			path = ui;
			sourceTree = "<group>";
		};
		4CF5600225B44FC80038A4CC /* asa */ = {
			isa = PBXGroup;
			children = (
				4CF55FDE25B44E4E0038A4CC /* AppDelegate.swift */,
				4CF55FE025B44E4E0038A4CC /* SceneDelegate.swift */,
			);
			path = asa;
			sourceTree = "<group>";
		};
/* End PBXGroup section */

/* Begin PBXNativeTarget section */
		4CF55FDA25B44E4E0038A4CC /* ImagesPicker */ = {
			isa = PBXNativeTarget;
			buildConfigurationList = 4CF55FEF25B44E510038A4CC /* Build configuration list for PBXNativeTarget "ImagesPicker" */;
			buildPhases = (
				4CF55FD725B44E4E0038A4CC /* Sources */,
				4CF55FD825B44E4E0038A4CC /* Frameworks */,
				4CF55FD925B44E4E0038A4CC /* Resources */,
			);
			buildRules = (
			);
			dependencies = (
			);
			name = ImagesPicker;
			productName = ImagesPicker;
			productReference = 4CF55FDB25B44E4E0038A4CC /* ImagesPicker.app */;
			productType = "com.apple.product-type.application";
		};
/* End PBXNativeTarget section */

/* Begin PBXProject section */
		4CF55FD325B44E4E0038A4CC /* Project object */ = {
			isa = PBXProject;
			attributes = {
				LastSwiftUpdateCheck = 1230;
				LastUpgradeCheck = 1230;
				TargetAttributes = {
					4CF55FDA25B44E4E0038A4CC = {
						CreatedOnToolsVersion = 12.3;
					};
				};
			};
			buildConfigurationList = 4CF55FD625B44E4E0038A4CC /* Build configuration list for PBXProject "ImagesPicker" */;
			compatibilityVersion = "Xcode 9.3";
			developmentRegion = en;
			hasScannedForEncodings = 0;
			knownRegions = (
				en,
				Base,
			);
			mainGroup = 4CF55FD225B44E4E0038A4CC;
			productRefGroup = 4CF55FDC25B44E4E0038A4CC /* Products */;
			projectDirPath = "";
			projectRoot = "";
			targets = (
				4CF55FDA25B44E4E0038A4CC /* ImagesPicker */,
			);
		};
/* End PBXProject section */

/* Begin PBXResourcesBuildPhase section */
		4CF55FD925B44E4E0038A4CC /* Resources */ = {
			isa = PBXResourcesBuildPhase;
			buildActionMask = 2147483647;
			files = (
				4CF55FEB25B44E510038A4CC /* LaunchScreen.storyboard in Resources */,
				4CF55FE825B44E510038A4CC /* Preview Assets.xcassets in Resources */,
				4CF55FE525B44E510038A4CC /* Assets.xcassets in Resources */,
			);
			runOnlyForDeploymentPostprocessing = 0;
		};
/* End PBXResourcesBuildPhase section */

/* Begin PBXSourcesBuildPhase section */
		4CF55FD725B44E4E0038A4CC /* Sources */ = {
			isa = PBXSourcesBuildPhase;
			buildActionMask = 2147483647;
			files = (
				4CF55FFF25B44F640038A4CC /* camera.swift in Sources */,
				4CF5600F25B451440038A4CC /* colors.swift in Sources */,
				4CF55FF925B44EF10038A4CC /* structures.swift in Sources */,
				4CF5600525B44FE70038A4CC /* Start.swift in Sources */,
				4CF55FDF25B44E4E0038A4CC /* AppDelegate.swift in Sources */,
				4CF5600C25B4511B0038A4CC /* buttons.swift in Sources */,
				4CF55FE125B44E4E0038A4CC /* SceneDelegate.swift in Sources */,
				4CF5601225B451750038A4CC /* shapes.swift in Sources */,
				4CF5600825B450AB0038A4CC /* images.swift in Sources */,
				4CF55FF425B44E710038A4CC /* core.swift in Sources */,
				4CF55FE325B44E4E0038A4CC /* Home.swift in Sources */,
			);
			runOnlyForDeploymentPostprocessing = 0;
		};
/* End PBXSourcesBuildPhase section */

/* Begin PBXVariantGroup section */
		4CF55FE925B44E510038A4CC /* LaunchScreen.storyboard */ = {
			isa = PBXVariantGroup;
			children = (
				4CF55FEA25B44E510038A4CC /* Base */,
			);
			name = LaunchScreen.storyboard;
			sourceTree = "<group>";
		};
/* End PBXVariantGroup section */

/* Begin XCBuildConfiguration section */
		4CF55FED25B44E510038A4CC /* Debug */ = {
			isa = XCBuildConfiguration;
			buildSettings = {
				ALWAYS_SEARCH_USER_PATHS = NO;
				CLANG_ANALYZER_NONNULL = YES;
				CLANG_ANALYZER_NUMBER_OBJECT_CONVERSION = YES_AGGRESSIVE;
				CLANG_CXX_LANGUAGE_STANDARD = "gnu++14";
				CLANG_CXX_LIBRARY = "libc++";
				CLANG_ENABLE_MODULES = YES;
				CLANG_ENABLE_OBJC_ARC = YES;
				CLANG_ENABLE_OBJC_WEAK = YES;
				CLANG_WARN_BLOCK_CAPTURE_AUTORELEASING = YES;
				CLANG_WARN_BOOL_CONVERSION = YES;
				CLANG_WARN_COMMA = YES;
				CLANG_WARN_CONSTANT_CONVERSION = YES;
				CLANG_WARN_DEPRECATED_OBJC_IMPLEMENTATIONS = YES;
				CLANG_WARN_DIRECT_OBJC_ISA_USAGE = YES_ERROR;
				CLANG_WARN_DOCUMENTATION_COMMENTS = YES;
				CLANG_WARN_EMPTY_BODY = YES;
				CLANG_WARN_ENUM_CONVERSION = YES;
				CLANG_WARN_INFINITE_RECURSION = YES;
				CLANG_WARN_INT_CONVERSION = YES;
				CLANG_WARN_NON_LITERAL_NULL_CONVERSION = YES;
				CLANG_WARN_OBJC_IMPLICIT_RETAIN_SELF = YES;
				CLANG_WARN_OBJC_LITERAL_CONVERSION = YES;
				CLANG_WARN_OBJC_ROOT_CLASS = YES_ERROR;
				CLANG_WARN_QUOTED_INCLUDE_IN_FRAMEWORK_HEADER = YES;
				CLANG_WARN_RANGE_LOOP_ANALYSIS = YES;
				CLANG_WARN_STRICT_PROTOTYPES = YES;
				CLANG_WARN_SUSPICIOUS_MOVE = YES;
				CLANG_WARN_UNGUARDED_AVAILABILITY = YES_AGGRESSIVE;
				CLANG_WARN_UNREACHABLE_CODE = YES;
				CLANG_WARN__DUPLICATE_METHOD_MATCH = YES;
				COPY_PHASE_STRIP = NO;
				DEBUG_INFORMATION_FORMAT = dwarf;
				ENABLE_STRICT_OBJC_MSGSEND = YES;
				ENABLE_TESTABILITY = YES;
				GCC_C_LANGUAGE_STANDARD = gnu11;
				GCC_DYNAMIC_NO_PIC = NO;
				GCC_NO_COMMON_BLOCKS = YES;
				GCC_OPTIMIZATION_LEVEL = 0;
				GCC_PREPROCESSOR_DEFINITIONS = (
					"DEBUG=1",
					"$(inherited)",
				);
				GCC_WARN_64_TO_32_BIT_CONVERSION = YES;
				GCC_WARN_ABOUT_RETURN_TYPE = YES_ERROR;
				GCC_WARN_UNDECLARED_SELECTOR = YES;
				GCC_WARN_UNINITIALIZED_AUTOS = YES_AGGRESSIVE;
				GCC_WARN_UNUSED_FUNCTION = YES;
				GCC_WARN_UNUSED_VARIABLE = YES;
				IPHONEOS_DEPLOYMENT_TARGET = 14.3;
				MTL_ENABLE_DEBUG_INFO = INCLUDE_SOURCE;
				MTL_FAST_MATH = YES;
				ONLY_ACTIVE_ARCH = YES;
				SDKROOT = iphoneos;
				SWIFT_ACTIVE_COMPILATION_CONDITIONS = DEBUG;
				SWIFT_OPTIMIZATION_LEVEL = "-Onone";
			};
			name = Debug;
		};
		4CF55FEE25B44E510038A4CC /* Release */ = {
			isa = XCBuildConfiguration;
			buildSettings = {
				ALWAYS_SEARCH_USER_PATHS = NO;
				CLANG_ANALYZER_NONNULL = YES;
				CLANG_ANALYZER_NUMBER_OBJECT_CONVERSION = YES_AGGRESSIVE;
				CLANG_CXX_LANGUAGE_STANDARD = "gnu++14";
				CLANG_CXX_LIBRARY = "libc++";
				CLANG_ENABLE_MODULES = YES;
				CLANG_ENABLE_OBJC_ARC = YES;
				CLANG_ENABLE_OBJC_WEAK = YES;
				CLANG_WARN_BLOCK_CAPTURE_AUTORELEASING = YES;
				CLANG_WARN_BOOL_CONVERSION = YES;
				CLANG_WARN_COMMA = YES;
				CLANG_WARN_CONSTANT_CONVERSION = YES;
				CLANG_WARN_DEPRECATED_OBJC_IMPLEMENTATIONS = YES;
				CLANG_WARN_DIRECT_OBJC_ISA_USAGE = YES_ERROR;
				CLANG_WARN_DOCUMENTATION_COMMENTS = YES;
				CLANG_WARN_EMPTY_BODY = YES;
				CLANG_WARN_ENUM_CONVERSION = YES;
				CLANG_WARN_INFINITE_RECURSION = YES;
				CLANG_WARN_INT_CONVERSION = YES;
				CLANG_WARN_NON_LITERAL_NULL_CONVERSION = YES;
				CLANG_WARN_OBJC_IMPLICIT_RETAIN_SELF = YES;
				CLANG_WARN_OBJC_LITERAL_CONVERSION = YES;
				CLANG_WARN_OBJC_ROOT_CLASS = YES_ERROR;
				CLANG_WARN_QUOTED_INCLUDE_IN_FRAMEWORK_HEADER = YES;
				CLANG_WARN_RANGE_LOOP_ANALYSIS = YES;
				CLANG_WARN_STRICT_PROTOTYPES = YES;
				CLANG_WARN_SUSPICIOUS_MOVE = YES;
				CLANG_WARN_UNGUARDED_AVAILABILITY = YES_AGGRESSIVE;
				CLANG_WARN_UNREACHABLE_CODE = YES;
				CLANG_WARN__DUPLICATE_METHOD_MATCH = YES;
				COPY_PHASE_STRIP = NO;
				DEBUG_INFORMATION_FORMAT = "dwarf-with-dsym";
				ENABLE_NS_ASSERTIONS = NO;
				ENABLE_STRICT_OBJC_MSGSEND = YES;
				GCC_C_LANGUAGE_STANDARD = gnu11;
				GCC_NO_COMMON_BLOCKS = YES;
				GCC_WARN_64_TO_32_BIT_CONVERSION = YES;
				GCC_WARN_ABOUT_RETURN_TYPE = YES_ERROR;
				GCC_WARN_UNDECLARED_SELECTOR = YES;
				GCC_WARN_UNINITIALIZED_AUTOS = YES_AGGRESSIVE;
				GCC_WARN_UNUSED_FUNCTION = YES;
				GCC_WARN_UNUSED_VARIABLE = YES;
				IPHONEOS_DEPLOYMENT_TARGET = 14.3;
				MTL_ENABLE_DEBUG_INFO = NO;
				MTL_FAST_MATH = YES;
				SDKROOT = iphoneos;
				SWIFT_COMPILATION_MODE = wholemodule;
				SWIFT_OPTIMIZATION_LEVEL = "-O";
				VALIDATE_PRODUCT = YES;
			};
			name = Release;
		};
		4CF55FF025B44E510038A4CC /* Debug */ = {
			isa = XCBuildConfiguration;
			buildSettings = {
				ASSETCATALOG_COMPILER_APPICON_NAME = AppIcon;
				ASSETCATALOG_COMPILER_GLOBAL_ACCENT_COLOR_NAME = AccentColor;
				CODE_SIGN_STYLE = Automatic;
				DEVELOPMENT_ASSET_PATHS = "\"ImagesPicker/Preview Content\"";
				DEVELOPMENT_TEAM = 9DFQMR4JG9;
				ENABLE_PREVIEWS = YES;
				INFOPLIST_FILE = ImagesPicker/Info.plist;
				IPHONEOS_DEPLOYMENT_TARGET = 13.0;
				LD_RUNPATH_SEARCH_PATHS = (
					"$(inherited)",
					"@executable_path/Frameworks",
				);
				PRODUCT_BUNDLE_IDENTIFIER = yelm.io.projects.ImagesPicker;
				PRODUCT_NAME = "$(TARGET_NAME)";
				SWIFT_VERSION = 5.0;
				TARGETED_DEVICE_FAMILY = 1;
			};
			name = Debug;
		};
		4CF55FF125B44E510038A4CC /* Release */ = {
			isa = XCBuildConfiguration;
			buildSettings = {
				ASSETCATALOG_COMPILER_APPICON_NAME = AppIcon;
				ASSETCATALOG_COMPILER_GLOBAL_ACCENT_COLOR_NAME = AccentColor;
				CODE_SIGN_STYLE = Automatic;
				DEVELOPMENT_ASSET_PATHS = "\"ImagesPicker/Preview Content\"";
				DEVELOPMENT_TEAM = 9DFQMR4JG9;
				ENABLE_PREVIEWS = YES;
				INFOPLIST_FILE = ImagesPicker/Info.plist;
				IPHONEOS_DEPLOYMENT_TARGET = 13.0;
				LD_RUNPATH_SEARCH_PATHS = (
					"$(inherited)",
					"@executable_path/Frameworks",
				);
				PRODUCT_BUNDLE_IDENTIFIER = yelm.io.projects.ImagesPicker;
				PRODUCT_NAME = "$(TARGET_NAME)";
				SWIFT_VERSION = 5.0;
				TARGETED_DEVICE_FAMILY = 1;
			};
			name = Release;
		};
/* End XCBuildConfiguration section */

/* Begin XCConfigurationList section */
		4CF55FD625B44E4E0038A4CC /* Build configuration list for PBXProject "ImagesPicker" */ = {
			isa = XCConfigurationList;
			buildConfigurations = (
				4CF55FED25B44E510038A4CC /* Debug */,
				4CF55FEE25B44E510038A4CC /* Release */,
			);
			defaultConfigurationIsVisible = 0;
			defaultConfigurationName = Release;
		};
		4CF55FEF25B44E510038A4CC /* Build configuration list for PBXNativeTarget "ImagesPicker" */ = {
			isa = XCConfigurationList;
			buildConfigurations = (
				4CF55FF025B44E510038A4CC /* Debug */,
				4CF55FF125B44E510038A4CC /* Release */,
			);
			defaultConfigurationIsVisible = 0;
			defaultConfigurationName = Release;
		};
/* End XCConfigurationList section */
	};
	rootObject = 4CF55FD325B44E4E0038A4CC /* Project object */;
}
